PODS:
  - KeyboardEventHandler (0.1.0)

DEPENDENCIES:
  - KeyboardEventHandler (from `../`)

EXTERNAL SOURCES:
  KeyboardEventHandler:
    :path: "../"

SPEC CHECKSUMS:
  KeyboardEventHandler: 1e6b6d8a24ffad293d390a48ca87672d325d461b

PODFILE CHECKSUM: 42af87af444e9bb816e6223c3641afa018e01b45

COCOAPODS: 1.0.0
